
Microsoft Visual Studio Solution File, Format Version 12.00
# Visual Studio Version 16
VisualStudioVersion = 16.0.29324.140
MinimumVisualStudioVersion = 10.0.40219.1
Project("{FAE04EC0-301F-11D3-BF4B-00C04F79EFBC}") = "PTS", "PTS\PTS.csproj", "{F3B9E04C-C50E-49D3-8AA1-7758367139CA}"
EndProject
Global
	GlobalSection(SolutionConfigurationPlatforms) = preSolution
		Debug|Any CPU = Debug|Any CPU
		Release|Any CPU = Release|Any CPU
	EndGlobalSection
	GlobalSection(ProjectConfigurationPlatforms) = postSolution
		{F3B9E04C-C50E-49D3-8AA1-7758367139CA}.Debug|Any CPU.ActiveCfg = Debug|Any CPU
		{F3B9E04C-C50E-49D3-8AA1-7758367139CA}.Debug|Any CPU.Build.0 = Debug|Any CPU
		{F3B9E04C-C50E-49D3-8AA1-7758367139CA}.Release|Any CPU.ActiveCfg = Release|Any CPU
		{F3B9E04C-C50E-49D3-8AA1-7758367139CA}.Release|Any CPU.Build.0 = Release|Any CPU
	EndGlobalSection
	GlobalSection(SolutionProperties) = preSolution
		HideSolutionNode = FALSE
	EndGlobalSection
	GlobalSection(ExtensibilityGlobals) = postSolution
		SolutionGuid = {4FB2F8B4-3585-4B60-88A7-45DC837538B1}
	EndGlobalSection
EndGlobal
